
Microsoft Visual Studio Solution File, Format Version 12.00
# Visual Studio Version 17
VisualStudioVersion = 17.3.32825.248
MinimumVisualStudioVersion = 10.0.40219.1
Project("{9A19103F-16F7-4668-BE54-9A1E7A4F7556}") = "DataTypes", "DataTypes\DataTypes.csproj", "{ED2711AA-58E1-4EEE-A7B9-CB5F185C869F}"
EndProject
Project("{9A19103F-16F7-4668-BE54-9A1E7A4F7556}") = "ArrayExample", "ArrayExample\ArrayExample.csproj", "{FD898927-C7BD-4D2C-8F83-D0D0FA72BFDD}"
EndProject
Project("{9A19103F-16F7-4668-BE54-9A1E7A4F7556}") = "InputOutput", "InputOutput\InputOutput.csproj", "{3AF0D6C4-215B-4883-A8E2-4F00357367B6}"
EndProject
Project("{9A19103F-16F7-4668-BE54-9A1E7A4F7556}") = "OOP", "OOP\OOP.csproj", "{8B7E3EFA-A012-4B5F-8879-5BFAFF1600F2}"
EndProject
Project("{9A19103F-16F7-4668-BE54-9A1E7A4F7556}") = "StaticExample", "StaticExample\StaticExample.csproj", "{BEDE960C-B220-4B0B-A175-42F248E05CD5}"
EndProject
Project("{9A19103F-16F7-4668-BE54-9A1E7A4F7556}") = "AbstractExample", "AbstractExample\AbstractExample.csproj", "{0EC714D1-AA8A-4AB4-A486-FC24CF1ECCB6}"
EndProject
Project("{9A19103F-16F7-4668-BE54-9A1E7A4F7556}") = "InterfaceExample", "InterfaceExample\InterfaceExample.csproj", "{02F70173-2DD5-48E3-8D32-2F85E4E23832}"
EndProject
Project("{9A19103F-16F7-4668-BE54-9A1E7A4F7556}") = "PartialClassExample", "PartialClassExample\PartialClassExample.csproj", "{777B06F1-9BFA-4D6F-B697-FB8021D2362F}"
EndProject
Project("{9A19103F-16F7-4668-BE54-9A1E7A4F7556}") = "StructureExample", "StructureExample\StructureExample.csproj", "{F6CCBFFF-0E8F-4124-974B-4EB7EDC96C7F}"
EndProject
Project("{9A19103F-16F7-4668-BE54-9A1E7A4F7556}") = "EnumExample", "EnumExample\EnumExample.csproj", "{66B70F74-622E-4B0D-90C4-9EC2A26C7D8D}"
EndProject
Project("{9A19103F-16F7-4668-BE54-9A1E7A4F7556}") = "DateTimeExample", "DateTimeExample\DateTimeExample.csproj", "{BF850081-F54F-4C52-AFE0-2E810A6CB332}"
EndProject
Project("{9A19103F-16F7-4668-BE54-9A1E7A4F7556}") = "StringBuilderExample", "StringBuilderExample\StringBuilderExample.csproj", "{D534AC3F-39D8-4F68-80D9-2E083E1E27D8}"
EndProject
Project("{9A19103F-16F7-4668-BE54-9A1E7A4F7556}") = "ParameterModifiers", "ParameterModifiers\ParameterModifiers.csproj", "{6AD995A3-5F91-478E-9A36-8F823519D6DF}"
EndProject
Project("{9A19103F-16F7-4668-BE54-9A1E7A4F7556}") = "TupleExample", "TupleExample\TupleExample.csproj", "{303E4635-32BF-477C-93A2-FD465D484E52}"
EndProject
Project("{9A19103F-16F7-4668-BE54-9A1E7A4F7556}") = "NullableType", "NullableType\NullableType.csproj", "{7F5427E7-A40E-42F2-94B5-4401AA613B83}"
EndProject
Project("{9A19103F-16F7-4668-BE54-9A1E7A4F7556}") = "AnnonymousTypes", "AnnonymousTypes\AnnonymousTypes.csproj", "{5A19FD7B-BF80-42FC-927C-CFD3E6996981}"
EndProject
Project("{9A19103F-16F7-4668-BE54-9A1E7A4F7556}") = "GenericsExample", "GenericsExample\GenericsExample.csproj", "{705B8CD7-6336-4EC6-AE1F-08138A4BB769}"
EndProject
Project("{9A19103F-16F7-4668-BE54-9A1E7A4F7556}") = "ImportantInterface", "ImportantInterface\ImportantInterface.csproj", "{2FEA8AF4-8531-43FD-8E1A-BD9A02F5AFF6}"
EndProject
Project("{9A19103F-16F7-4668-BE54-9A1E7A4F7556}") = "AdoDotNetExample", "AdoDotNet\AdoDotNetExample.csproj", "{9ED45DC9-D979-439C-8BBC-9BC8E6B1AB85}"
EndProject
Project("{9A19103F-16F7-4668-BE54-9A1E7A4F7556}") = "EntityFrameworkExample", "EntityFrameworkExample\EntityFrameworkExample.csproj", "{9BE851D4-062F-4E06-83AB-72DEE390DA7F}"
EndProject
Project("{9A19103F-16F7-4668-BE54-9A1E7A4F7556}") = "FileOperation", "FileOperation\FileOperation.csproj", "{B707D562-A043-4C69-9519-A0E4910A4CDA}"
EndProject
Project("{9A19103F-16F7-4668-BE54-9A1E7A4F7556}") = "OOP1", "OOP1\OOP1.csproj", "{8829772C-A90A-415D-BB58-A1432DAA808D}"
EndProject
Project("{9A19103F-16F7-4668-BE54-9A1E7A4F7556}") = "FileCreateRename", "FileCreateRename\FileCreateRename.csproj", "{1DA070F2-3AFE-4AE1-B634-55E2FC630482}"
EndProject
Project("{9A19103F-16F7-4668-BE54-9A1E7A4F7556}") = "SolidPrinciple", "SolidPrinciple\SolidPrinciple.csproj", "{54B91BB3-2BF5-4E7F-B5A7-149569D8AEB4}"
EndProject
Project("{9A19103F-16F7-4668-BE54-9A1E7A4F7556}") = "Delegates", "Delegates\Delegates.csproj", "{AAB5C3CB-F4D4-4EE3-834D-F5B4764FAAFB}"
EndProject
Project("{9A19103F-16F7-4668-BE54-9A1E7A4F7556}") = "Events", "Events\Events.csproj", "{FF9D2261-2DD3-4B09-B5AE-A47BEDB47CB5}"
EndProject
Project("{9A19103F-16F7-4668-BE54-9A1E7A4F7556}") = "FuncAction", "FuncAction\FuncAction.csproj", "{17E6A393-49D7-48AD-B31A-5BB358A85297}"
EndProject
Project("{9A19103F-16F7-4668-BE54-9A1E7A4F7556}") = "LambdaMethod", "LambdaMethod\LambdaMethod.csproj", "{53416517-5F1A-43B9-BF0E-5DB6590CA8AC}"
EndProject
Project("{9A19103F-16F7-4668-BE54-9A1E7A4F7556}") = "LinqExample", "LinqExample\LinqExample.csproj", "{5E326E90-FA2C-41A2-98D2-FE9CC2ADCF9B}"
EndProject
Project("{9A19103F-16F7-4668-BE54-9A1E7A4F7556}") = "ExpressionExample", "ExpressionExample\ExpressionExample.csproj", "{2D75F37E-C128-4C22-94FF-3C9485AE9C86}"
EndProject
Project("{9A19103F-16F7-4668-BE54-9A1E7A4F7556}") = "ExceptionHandling", "ExceptionHandling\ExceptionHandling.csproj", "{81F03EC8-999B-4501-9263-644890B185F1}"
EndProject
Project("{9A19103F-16F7-4668-BE54-9A1E7A4F7556}") = "IndexerExample", "IndexerExample\IndexerExample.csproj", "{C47A61BD-161E-4182-BC09-2F62D3370E8A}"
EndProject
Project("{9A19103F-16F7-4668-BE54-9A1E7A4F7556}") = "ReflectionExamples", "ReflectionExamples\ReflectionExamples.csproj", "{7C8D4D55-665C-4F95-981F-EC5E1E346EE1}"
EndProject
Project("{9A19103F-16F7-4668-BE54-9A1E7A4F7556}") = "DynamicExample", "DynamicExample\DynamicExample.csproj", "{DA3835E0-C4C8-4FA6-B877-AB9FCBA9B297}"
EndProject
Project("{9A19103F-16F7-4668-BE54-9A1E7A4F7556}") = "ExtensionMethodsExample", "ExtensionMethodsExample\ExtensionMethodsExample.csproj", "{E91C9ACA-6D3E-4362-B50A-690507A48CB9}"
EndProject
Project("{9A19103F-16F7-4668-BE54-9A1E7A4F7556}") = "SwitchStatement", "SwitchStatement\SwitchStatement.csproj", "{B90A86FB-8E66-423F-B80B-11CAE22C05E6}"
EndProject
Project("{9A19103F-16F7-4668-BE54-9A1E7A4F7556}") = "InverseIndxing", "InverseIndxing\InverseIndxing.csproj", "{D61A3CD0-78A5-4A35-8049-9935EA0CF93A}"
EndProject
Project("{FAE04EC0-301F-11D3-BF4B-00C04F79EFBC}") = "RecordsExample", "RecordsExample\RecordsExample.csproj", "{EA9D33F2-F69D-41FD-84D3-FA3B8C3EEA3C}"
EndProject
Project("{FAE04EC0-301F-11D3-BF4B-00C04F79EFBC}") = "Threading", "Threading\Threading.csproj", "{8FBD2BD9-97AD-482D-B03A-ECFA5C218A8A}"
EndProject
Global
	GlobalSection(SolutionConfigurationPlatforms) = preSolution
		Debug|Any CPU = Debug|Any CPU
		Release|Any CPU = Release|Any CPU
	EndGlobalSection
	GlobalSection(ProjectConfigurationPlatforms) = postSolution
		{ED2711AA-58E1-4EEE-A7B9-CB5F185C869F}.Debug|Any CPU.ActiveCfg = Debug|Any CPU
		{ED2711AA-58E1-4EEE-A7B9-CB5F185C869F}.Debug|Any CPU.Build.0 = Debug|Any CPU
		{ED2711AA-58E1-4EEE-A7B9-CB5F185C869F}.Release|Any CPU.ActiveCfg = Release|Any CPU
		{ED2711AA-58E1-4EEE-A7B9-CB5F185C869F}.Release|Any CPU.Build.0 = Release|Any CPU
		{FD898927-C7BD-4D2C-8F83-D0D0FA72BFDD}.Debug|Any CPU.ActiveCfg = Debug|Any CPU
		{FD898927-C7BD-4D2C-8F83-D0D0FA72BFDD}.Debug|Any CPU.Build.0 = Debug|Any CPU
		{FD898927-C7BD-4D2C-8F83-D0D0FA72BFDD}.Release|Any CPU.ActiveCfg = Release|Any CPU
		{FD898927-C7BD-4D2C-8F83-D0D0FA72BFDD}.Release|Any CPU.Build.0 = Release|Any CPU
		{3AF0D6C4-215B-4883-A8E2-4F00357367B6}.Debug|Any CPU.ActiveCfg = Debug|Any CPU
		{3AF0D6C4-215B-4883-A8E2-4F00357367B6}.Debug|Any CPU.Build.0 = Debug|Any CPU
		{3AF0D6C4-215B-4883-A8E2-4F00357367B6}.Release|Any CPU.ActiveCfg = Release|Any CPU
		{3AF0D6C4-215B-4883-A8E2-4F00357367B6}.Release|Any CPU.Build.0 = Release|Any CPU
		{8B7E3EFA-A012-4B5F-8879-5BFAFF1600F2}.Debug|Any CPU.ActiveCfg = Debug|Any CPU
		{8B7E3EFA-A012-4B5F-8879-5BFAFF1600F2}.Debug|Any CPU.Build.0 = Debug|Any CPU
		{8B7E3EFA-A012-4B5F-8879-5BFAFF1600F2}.Release|Any CPU.ActiveCfg = Release|Any CPU
		{8B7E3EFA-A012-4B5F-8879-5BFAFF1600F2}.Release|Any CPU.Build.0 = Release|Any CPU
		{BEDE960C-B220-4B0B-A175-42F248E05CD5}.Debug|Any CPU.ActiveCfg = Debug|Any CPU
		{BEDE960C-B220-4B0B-A175-42F248E05CD5}.Debug|Any CPU.Build.0 = Debug|Any CPU
		{BEDE960C-B220-4B0B-A175-42F248E05CD5}.Release|Any CPU.ActiveCfg = Release|Any CPU
		{BEDE960C-B220-4B0B-A175-42F248E05CD5}.Release|Any CPU.Build.0 = Release|Any CPU
		{0EC714D1-AA8A-4AB4-A486-FC24CF1ECCB6}.Debug|Any CPU.ActiveCfg = Debug|Any CPU
		{0EC714D1-AA8A-4AB4-A486-FC24CF1ECCB6}.Debug|Any CPU.Build.0 = Debug|Any CPU
		{0EC714D1-AA8A-4AB4-A486-FC24CF1ECCB6}.Release|Any CPU.ActiveCfg = Release|Any CPU
		{0EC714D1-AA8A-4AB4-A486-FC24CF1ECCB6}.Release|Any CPU.Build.0 = Release|Any CPU
		{02F70173-2DD5-48E3-8D32-2F85E4E23832}.Debug|Any CPU.ActiveCfg = Debug|Any CPU
		{02F70173-2DD5-48E3-8D32-2F85E4E23832}.Debug|Any CPU.Build.0 = Debug|Any CPU
		{02F70173-2DD5-48E3-8D32-2F85E4E23832}.Release|Any CPU.ActiveCfg = Release|Any CPU
		{02F70173-2DD5-48E3-8D32-2F85E4E23832}.Release|Any CPU.Build.0 = Release|Any CPU
		{777B06F1-9BFA-4D6F-B697-FB8021D2362F}.Debug|Any CPU.ActiveCfg = Debug|Any CPU
		{777B06F1-9BFA-4D6F-B697-FB8021D2362F}.Debug|Any CPU.Build.0 = Debug|Any CPU
		{777B06F1-9BFA-4D6F-B697-FB8021D2362F}.Release|Any CPU.ActiveCfg = Release|Any CPU
		{777B06F1-9BFA-4D6F-B697-FB8021D2362F}.Release|Any CPU.Build.0 = Release|Any CPU
		{F6CCBFFF-0E8F-4124-974B-4EB7EDC96C7F}.Debug|Any CPU.ActiveCfg = Debug|Any CPU
		{F6CCBFFF-0E8F-4124-974B-4EB7EDC96C7F}.Debug|Any CPU.Build.0 = Debug|Any CPU
		{F6CCBFFF-0E8F-4124-974B-4EB7EDC96C7F}.Release|Any CPU.ActiveCfg = Release|Any CPU
		{F6CCBFFF-0E8F-4124-974B-4EB7EDC96C7F}.Release|Any CPU.Build.0 = Release|Any CPU
		{66B70F74-622E-4B0D-90C4-9EC2A26C7D8D}.Debug|Any CPU.ActiveCfg = Debug|Any CPU
		{66B70F74-622E-4B0D-90C4-9EC2A26C7D8D}.Debug|Any CPU.Build.0 = Debug|Any CPU
		{66B70F74-622E-4B0D-90C4-9EC2A26C7D8D}.Release|Any CPU.ActiveCfg = Release|Any CPU
		{66B70F74-622E-4B0D-90C4-9EC2A26C7D8D}.Release|Any CPU.Build.0 = Release|Any CPU
		{BF850081-F54F-4C52-AFE0-2E810A6CB332}.Debug|Any CPU.ActiveCfg = Debug|Any CPU
		{BF850081-F54F-4C52-AFE0-2E810A6CB332}.Debug|Any CPU.Build.0 = Debug|Any CPU
		{BF850081-F54F-4C52-AFE0-2E810A6CB332}.Release|Any CPU.ActiveCfg = Release|Any CPU
		{BF850081-F54F-4C52-AFE0-2E810A6CB332}.Release|Any CPU.Build.0 = Release|Any CPU
		{D534AC3F-39D8-4F68-80D9-2E083E1E27D8}.Debug|Any CPU.ActiveCfg = Debug|Any CPU
		{D534AC3F-39D8-4F68-80D9-2E083E1E27D8}.Debug|Any CPU.Build.0 = Debug|Any CPU
		{D534AC3F-39D8-4F68-80D9-2E083E1E27D8}.Release|Any CPU.ActiveCfg = Release|Any CPU
		{D534AC3F-39D8-4F68-80D9-2E083E1E27D8}.Release|Any CPU.Build.0 = Release|Any CPU
		{6AD995A3-5F91-478E-9A36-8F823519D6DF}.Debug|Any CPU.ActiveCfg = Debug|Any CPU
		{6AD995A3-5F91-478E-9A36-8F823519D6DF}.Debug|Any CPU.Build.0 = Debug|Any CPU
		{6AD995A3-5F91-478E-9A36-8F823519D6DF}.Release|Any CPU.ActiveCfg = Release|Any CPU
		{6AD995A3-5F91-478E-9A36-8F823519D6DF}.Release|Any CPU.Build.0 = Release|Any CPU
		{303E4635-32BF-477C-93A2-FD465D484E52}.Debug|Any CPU.ActiveCfg = Debug|Any CPU
		{303E4635-32BF-477C-93A2-FD465D484E52}.Debug|Any CPU.Build.0 = Debug|Any CPU
		{303E4635-32BF-477C-93A2-FD465D484E52}.Release|Any CPU.ActiveCfg = Release|Any CPU
		{303E4635-32BF-477C-93A2-FD465D484E52}.Release|Any CPU.Build.0 = Release|Any CPU
		{7F5427E7-A40E-42F2-94B5-4401AA613B83}.Debug|Any CPU.ActiveCfg = Debug|Any CPU
		{7F5427E7-A40E-42F2-94B5-4401AA613B83}.Debug|Any CPU.Build.0 = Debug|Any CPU
		{7F5427E7-A40E-42F2-94B5-4401AA613B83}.Release|Any CPU.ActiveCfg = Release|Any CPU
		{7F5427E7-A40E-42F2-94B5-4401AA613B83}.Release|Any CPU.Build.0 = Release|Any CPU
		{5A19FD7B-BF80-42FC-927C-CFD3E6996981}.Debug|Any CPU.ActiveCfg = Debug|Any CPU
		{5A19FD7B-BF80-42FC-927C-CFD3E6996981}.Debug|Any CPU.Build.0 = Debug|Any CPU
		{5A19FD7B-BF80-42FC-927C-CFD3E6996981}.Release|Any CPU.ActiveCfg = Release|Any CPU
		{5A19FD7B-BF80-42FC-927C-CFD3E6996981}.Release|Any CPU.Build.0 = Release|Any CPU
		{705B8CD7-6336-4EC6-AE1F-08138A4BB769}.Debug|Any CPU.ActiveCfg = Debug|Any CPU
		{705B8CD7-6336-4EC6-AE1F-08138A4BB769}.Debug|Any CPU.Build.0 = Debug|Any CPU
		{705B8CD7-6336-4EC6-AE1F-08138A4BB769}.Release|Any CPU.ActiveCfg = Release|Any CPU
		{705B8CD7-6336-4EC6-AE1F-08138A4BB769}.Release|Any CPU.Build.0 = Release|Any CPU
		{2FEA8AF4-8531-43FD-8E1A-BD9A02F5AFF6}.Debug|Any CPU.ActiveCfg = Debug|Any CPU
		{2FEA8AF4-8531-43FD-8E1A-BD9A02F5AFF6}.Debug|Any CPU.Build.0 = Debug|Any CPU
		{2FEA8AF4-8531-43FD-8E1A-BD9A02F5AFF6}.Release|Any CPU.ActiveCfg = Release|Any CPU
		{2FEA8AF4-8531-43FD-8E1A-BD9A02F5AFF6}.Release|Any CPU.Build.0 = Release|Any CPU
		{9ED45DC9-D979-439C-8BBC-9BC8E6B1AB85}.Debug|Any CPU.ActiveCfg = Debug|Any CPU
		{9ED45DC9-D979-439C-8BBC-9BC8E6B1AB85}.Debug|Any CPU.Build.0 = Debug|Any CPU
		{9ED45DC9-D979-439C-8BBC-9BC8E6B1AB85}.Release|Any CPU.ActiveCfg = Release|Any CPU
		{9ED45DC9-D979-439C-8BBC-9BC8E6B1AB85}.Release|Any CPU.Build.0 = Release|Any CPU
		{9BE851D4-062F-4E06-83AB-72DEE390DA7F}.Debug|Any CPU.ActiveCfg = Debug|Any CPU
		{9BE851D4-062F-4E06-83AB-72DEE390DA7F}.Debug|Any CPU.Build.0 = Debug|Any CPU
		{9BE851D4-062F-4E06-83AB-72DEE390DA7F}.Release|Any CPU.ActiveCfg = Release|Any CPU
		{9BE851D4-062F-4E06-83AB-72DEE390DA7F}.Release|Any CPU.Build.0 = Release|Any CPU
		{B707D562-A043-4C69-9519-A0E4910A4CDA}.Debug|Any CPU.ActiveCfg = Debug|Any CPU
		{B707D562-A043-4C69-9519-A0E4910A4CDA}.Debug|Any CPU.Build.0 = Debug|Any CPU
		{B707D562-A043-4C69-9519-A0E4910A4CDA}.Release|Any CPU.ActiveCfg = Release|Any CPU
		{B707D562-A043-4C69-9519-A0E4910A4CDA}.Release|Any CPU.Build.0 = Release|Any CPU
		{8829772C-A90A-415D-BB58-A1432DAA808D}.Debug|Any CPU.ActiveCfg = Debug|Any CPU
		{8829772C-A90A-415D-BB58-A1432DAA808D}.Debug|Any CPU.Build.0 = Debug|Any CPU
		{8829772C-A90A-415D-BB58-A1432DAA808D}.Release|Any CPU.ActiveCfg = Release|Any CPU
		{8829772C-A90A-415D-BB58-A1432DAA808D}.Release|Any CPU.Build.0 = Release|Any CPU
		{1DA070F2-3AFE-4AE1-B634-55E2FC630482}.Debug|Any CPU.ActiveCfg = Debug|Any CPU
		{1DA070F2-3AFE-4AE1-B634-55E2FC630482}.Debug|Any CPU.Build.0 = Debug|Any CPU
		{1DA070F2-3AFE-4AE1-B634-55E2FC630482}.Release|Any CPU.ActiveCfg = Release|Any CPU
		{1DA070F2-3AFE-4AE1-B634-55E2FC630482}.Release|Any CPU.Build.0 = Release|Any CPU
		{54B91BB3-2BF5-4E7F-B5A7-149569D8AEB4}.Debug|Any CPU.ActiveCfg = Debug|Any CPU
		{54B91BB3-2BF5-4E7F-B5A7-149569D8AEB4}.Debug|Any CPU.Build.0 = Debug|Any CPU
		{54B91BB3-2BF5-4E7F-B5A7-149569D8AEB4}.Release|Any CPU.ActiveCfg = Release|Any CPU
		{54B91BB3-2BF5-4E7F-B5A7-149569D8AEB4}.Release|Any CPU.Build.0 = Release|Any CPU
		{AAB5C3CB-F4D4-4EE3-834D-F5B4764FAAFB}.Debug|Any CPU.ActiveCfg = Debug|Any CPU
		{AAB5C3CB-F4D4-4EE3-834D-F5B4764FAAFB}.Debug|Any CPU.Build.0 = Debug|Any CPU
		{AAB5C3CB-F4D4-4EE3-834D-F5B4764FAAFB}.Release|Any CPU.ActiveCfg = Release|Any CPU
		{AAB5C3CB-F4D4-4EE3-834D-F5B4764FAAFB}.Release|Any CPU.Build.0 = Release|Any CPU
		{FF9D2261-2DD3-4B09-B5AE-A47BEDB47CB5}.Debug|Any CPU.ActiveCfg = Debug|Any CPU
		{FF9D2261-2DD3-4B09-B5AE-A47BEDB47CB5}.Debug|Any CPU.Build.0 = Debug|Any CPU
		{FF9D2261-2DD3-4B09-B5AE-A47BEDB47CB5}.Release|Any CPU.ActiveCfg = Release|Any CPU
		{FF9D2261-2DD3-4B09-B5AE-A47BEDB47CB5}.Release|Any CPU.Build.0 = Release|Any CPU
		{17E6A393-49D7-48AD-B31A-5BB358A85297}.Debug|Any CPU.ActiveCfg = Debug|Any CPU
		{17E6A393-49D7-48AD-B31A-5BB358A85297}.Debug|Any CPU.Build.0 = Debug|Any CPU
		{17E6A393-49D7-48AD-B31A-5BB358A85297}.Release|Any CPU.ActiveCfg = Release|Any CPU
		{17E6A393-49D7-48AD-B31A-5BB358A85297}.Release|Any CPU.Build.0 = Release|Any CPU
		{53416517-5F1A-43B9-BF0E-5DB6590CA8AC}.Debug|Any CPU.ActiveCfg = Debug|Any CPU
		{53416517-5F1A-43B9-BF0E-5DB6590CA8AC}.Debug|Any CPU.Build.0 = Debug|Any CPU
		{53416517-5F1A-43B9-BF0E-5DB6590CA8AC}.Release|Any CPU.ActiveCfg = Release|Any CPU
		{53416517-5F1A-43B9-BF0E-5DB6590CA8AC}.Release|Any CPU.Build.0 = Release|Any CPU
		{5E326E90-FA2C-41A2-98D2-FE9CC2ADCF9B}.Debug|Any CPU.ActiveCfg = Debug|Any CPU
		{5E326E90-FA2C-41A2-98D2-FE9CC2ADCF9B}.Debug|Any CPU.Build.0 = Debug|Any CPU
		{5E326E90-FA2C-41A2-98D2-FE9CC2ADCF9B}.Release|Any CPU.ActiveCfg = Release|Any CPU
		{5E326E90-FA2C-41A2-98D2-FE9CC2ADCF9B}.Release|Any CPU.Build.0 = Release|Any CPU
		{2D75F37E-C128-4C22-94FF-3C9485AE9C86}.Debug|Any CPU.ActiveCfg = Debug|Any CPU
		{2D75F37E-C128-4C22-94FF-3C9485AE9C86}.Debug|Any CPU.Build.0 = Debug|Any CPU
		{2D75F37E-C128-4C22-94FF-3C9485AE9C86}.Release|Any CPU.ActiveCfg = Release|Any CPU
		{2D75F37E-C128-4C22-94FF-3C9485AE9C86}.Release|Any CPU.Build.0 = Release|Any CPU
		{81F03EC8-999B-4501-9263-644890B185F1}.Debug|Any CPU.ActiveCfg = Debug|Any CPU
		{81F03EC8-999B-4501-9263-644890B185F1}.Debug|Any CPU.Build.0 = Debug|Any CPU
		{81F03EC8-999B-4501-9263-644890B185F1}.Release|Any CPU.ActiveCfg = Release|Any CPU
		{81F03EC8-999B-4501-9263-644890B185F1}.Release|Any CPU.Build.0 = Release|Any CPU
		{C47A61BD-161E-4182-BC09-2F62D3370E8A}.Debug|Any CPU.ActiveCfg = Debug|Any CPU
		{C47A61BD-161E-4182-BC09-2F62D3370E8A}.Debug|Any CPU.Build.0 = Debug|Any CPU
		{C47A61BD-161E-4182-BC09-2F62D3370E8A}.Release|Any CPU.ActiveCfg = Release|Any CPU
		{C47A61BD-161E-4182-BC09-2F62D3370E8A}.Release|Any CPU.Build.0 = Release|Any CPU
		{7C8D4D55-665C-4F95-981F-EC5E1E346EE1}.Debug|Any CPU.ActiveCfg = Debug|Any CPU
		{7C8D4D55-665C-4F95-981F-EC5E1E346EE1}.Debug|Any CPU.Build.0 = Debug|Any CPU
		{7C8D4D55-665C-4F95-981F-EC5E1E346EE1}.Release|Any CPU.ActiveCfg = Release|Any CPU
		{7C8D4D55-665C-4F95-981F-EC5E1E346EE1}.Release|Any CPU.Build.0 = Release|Any CPU
		{DA3835E0-C4C8-4FA6-B877-AB9FCBA9B297}.Debug|Any CPU.ActiveCfg = Debug|Any CPU
		{DA3835E0-C4C8-4FA6-B877-AB9FCBA9B297}.Debug|Any CPU.Build.0 = Debug|Any CPU
		{DA3835E0-C4C8-4FA6-B877-AB9FCBA9B297}.Release|Any CPU.ActiveCfg = Release|Any CPU
		{DA3835E0-C4C8-4FA6-B877-AB9FCBA9B297}.Release|Any CPU.Build.0 = Release|Any CPU
		{E91C9ACA-6D3E-4362-B50A-690507A48CB9}.Debug|Any CPU.ActiveCfg = Debug|Any CPU
		{E91C9ACA-6D3E-4362-B50A-690507A48CB9}.Debug|Any CPU.Build.0 = Debug|Any CPU
		{E91C9ACA-6D3E-4362-B50A-690507A48CB9}.Release|Any CPU.ActiveCfg = Release|Any CPU
		{E91C9ACA-6D3E-4362-B50A-690507A48CB9}.Release|Any CPU.Build.0 = Release|Any CPU
		{B90A86FB-8E66-423F-B80B-11CAE22C05E6}.Debug|Any CPU.ActiveCfg = Debug|Any CPU
		{B90A86FB-8E66-423F-B80B-11CAE22C05E6}.Debug|Any CPU.Build.0 = Debug|Any CPU
		{B90A86FB-8E66-423F-B80B-11CAE22C05E6}.Release|Any CPU.ActiveCfg = Release|Any CPU
		{B90A86FB-8E66-423F-B80B-11CAE22C05E6}.Release|Any CPU.Build.0 = Release|Any CPU
		{D61A3CD0-78A5-4A35-8049-9935EA0CF93A}.Debug|Any CPU.ActiveCfg = Debug|Any CPU
		{D61A3CD0-78A5-4A35-8049-9935EA0CF93A}.Debug|Any CPU.Build.0 = Debug|Any CPU
		{D61A3CD0-78A5-4A35-8049-9935EA0CF93A}.Release|Any CPU.ActiveCfg = Release|Any CPU
		{D61A3CD0-78A5-4A35-8049-9935EA0CF93A}.Release|Any CPU.Build.0 = Release|Any CPU
		{EA9D33F2-F69D-41FD-84D3-FA3B8C3EEA3C}.Debug|Any CPU.ActiveCfg = Debug|Any CPU
		{EA9D33F2-F69D-41FD-84D3-FA3B8C3EEA3C}.Debug|Any CPU.Build.0 = Debug|Any CPU
		{EA9D33F2-F69D-41FD-84D3-FA3B8C3EEA3C}.Release|Any CPU.ActiveCfg = Release|Any CPU
		{EA9D33F2-F69D-41FD-84D3-FA3B8C3EEA3C}.Release|Any CPU.Build.0 = Release|Any CPU
		{8FBD2BD9-97AD-482D-B03A-ECFA5C218A8A}.Debug|Any CPU.ActiveCfg = Debug|Any CPU
		{8FBD2BD9-97AD-482D-B03A-ECFA5C218A8A}.Debug|Any CPU.Build.0 = Debug|Any CPU
		{8FBD2BD9-97AD-482D-B03A-ECFA5C218A8A}.Release|Any CPU.ActiveCfg = Release|Any CPU
		{8FBD2BD9-97AD-482D-B03A-ECFA5C218A8A}.Release|Any CPU.Build.0 = Release|Any CPU
	EndGlobalSection
	GlobalSection(SolutionProperties) = preSolution
		HideSolutionNode = FALSE
	EndGlobalSection
	GlobalSection(ExtensibilityGlobals) = postSolution
		SolutionGuid = {CAF62407-2244-48CF-BE1F-D933A37A558B}
	EndGlobalSection
EndGlobal
