
Microsoft Visual Studio Solution File, Format Version 12.00
# Visual Studio Version 17
VisualStudioVersion = 17.3.32825.248
MinimumVisualStudioVersion = 10.0.40219.1
Project("{9A19103F-16F7-4668-BE54-9A1E7A4F7556}") = "DataTypes", "DataTypes\DataTypes.csproj", "{ED2711AA-58E1-4EEE-A7B9-CB5F185C869F}"
EndProject
Project("{9A19103F-16F7-4668-BE54-9A1E7A4F7556}") = "ArrayExample", "ArrayExample\ArrayExample.csproj", "{FD898927-C7BD-4D2C-8F83-D0D0FA72BFDD}"
EndProject
Project("{9A19103F-16F7-4668-BE54-9A1E7A4F7556}") = "InputOutput", "InputOutput\InputOutput.csproj", "{3AF0D6C4-215B-4883-A8E2-4F00357367B6}"
EndProject
Project("{9A19103F-16F7-4668-BE54-9A1E7A4F7556}") = "OOP", "OOP\OOP.csproj", "{8B7E3EFA-A012-4B5F-8879-5BFAFF1600F2}"
EndProject
Project("{9A19103F-16F7-4668-BE54-9A1E7A4F7556}") = "StaticExample", "StaticExample\StaticExample.csproj", "{BEDE960C-B220-4B0B-A175-42F248E05CD5}"
EndProject
Project("{9A19103F-16F7-4668-BE54-9A1E7A4F7556}") = "AbstractExample", "AbstractExample\AbstractExample.csproj", "{0EC714D1-AA8A-4AB4-A486-FC24CF1ECCB6}"
EndProject
Project("{9A19103F-16F7-4668-BE54-9A1E7A4F7556}") = "InterfaceExample", "InterfaceExample\InterfaceExample.csproj", "{02F70173-2DD5-48E3-8D32-2F85E4E23832}"
EndProject
Project("{9A19103F-16F7-4668-BE54-9A1E7A4F7556}") = "PartialClassExample", "PartialClassExample\PartialClassExample.csproj", "{777B06F1-9BFA-4D6F-B697-FB8021D2362F}"
EndProject
Project("{9A19103F-16F7-4668-BE54-9A1E7A4F7556}") = "StructureExample", "StructureExample\StructureExample.csproj", "{F6CCBFFF-0E8F-4124-974B-4EB7EDC96C7F}"
EndProject
Project("{9A19103F-16F7-4668-BE54-9A1E7A4F7556}") = "EnumExample", "EnumExample\EnumExample.csproj", "{66B70F74-622E-4B0D-90C4-9EC2A26C7D8D}"
EndProject
Project("{9A19103F-16F7-4668-BE54-9A1E7A4F7556}") = "DateTimeExample", "DateTimeExample\DateTimeExample.csproj", "{BF850081-F54F-4C52-AFE0-2E810A6CB332}"
EndProject
Project("{9A19103F-16F7-4668-BE54-9A1E7A4F7556}") = "StringBuilderExample", "StringBuilderExample\StringBuilderExample.csproj", "{D534AC3F-39D8-4F68-80D9-2E083E1E27D8}"
EndProject
Project("{9A19103F-16F7-4668-BE54-9A1E7A4F7556}") = "ParameterModifiers", "ParameterModifiers\ParameterModifiers.csproj", "{6AD995A3-5F91-478E-9A36-8F823519D6DF}"
EndProject
Project("{9A19103F-16F7-4668-BE54-9A1E7A4F7556}") = "TupleExample", "TupleExample\TupleExample.csproj", "{303E4635-32BF-477C-93A2-FD465D484E52}"
EndProject
Project("{9A19103F-16F7-4668-BE54-9A1E7A4F7556}") = "NullableType", "NullableType\NullableType.csproj", "{7F5427E7-A40E-42F2-94B5-4401AA613B83}"
EndProject
Project("{9A19103F-16F7-4668-BE54-9A1E7A4F7556}") = "AnnonymousTypes", "AnnonymousTypes\AnnonymousTypes.csproj", "{5A19FD7B-BF80-42FC-927C-CFD3E6996981}"
EndProject
Project("{9A19103F-16F7-4668-BE54-9A1E7A4F7556}") = "GenericsExample", "GenericsExample\GenericsExample.csproj", "{705B8CD7-6336-4EC6-AE1F-08138A4BB769}"
EndProject
Project("{9A19103F-16F7-4668-BE54-9A1E7A4F7556}") = "ImportantInterface", "ImportantInterface\ImportantInterface.csproj", "{2FEA8AF4-8531-43FD-8E1A-BD9A02F5AFF6}"
EndProject
Project("{9A19103F-16F7-4668-BE54-9A1E7A4F7556}") = "AdoDotNetExample", "AdoDotNet\AdoDotNetExample.csproj", "{9ED45DC9-D979-439C-8BBC-9BC8E6B1AB85}"
EndProject
Project("{9A19103F-16F7-4668-BE54-9A1E7A4F7556}") = "EntityFrameworkExample", "EntityFrameworkExample\EntityFrameworkExample.csproj", "{9BE851D4-062F-4E06-83AB-72DEE390DA7F}"
EndProject
Project("{FAE04EC0-301F-11D3-BF4B-00C04F79EFBC}") = "FileOperation", "FileOperation\FileOperation.csproj", "{B707D562-A043-4C69-9519-A0E4910A4CDA}"
EndProject
Global
	GlobalSection(SolutionConfigurationPlatforms) = preSolution
		Debug|Any CPU = Debug|Any CPU
		Release|Any CPU = Release|Any CPU
	EndGlobalSection
	GlobalSection(ProjectConfigurationPlatforms) = postSolution
		{ED2711AA-58E1-4EEE-A7B9-CB5F185C869F}.Debug|Any CPU.ActiveCfg = Debug|Any CPU
		{ED2711AA-58E1-4EEE-A7B9-CB5F185C869F}.Debug|Any CPU.Build.0 = Debug|Any CPU
		{ED2711AA-58E1-4EEE-A7B9-CB5F185C869F}.Release|Any CPU.ActiveCfg = Release|Any CPU
		{ED2711AA-58E1-4EEE-A7B9-CB5F185C869F}.Release|Any CPU.Build.0 = Release|Any CPU
		{FD898927-C7BD-4D2C-8F83-D0D0FA72BFDD}.Debug|Any CPU.ActiveCfg = Debug|Any CPU
		{FD898927-C7BD-4D2C-8F83-D0D0FA72BFDD}.Debug|Any CPU.Build.0 = Debug|Any CPU
		{FD898927-C7BD-4D2C-8F83-D0D0FA72BFDD}.Release|Any CPU.ActiveCfg = Release|Any CPU
		{FD898927-C7BD-4D2C-8F83-D0D0FA72BFDD}.Release|Any CPU.Build.0 = Release|Any CPU
		{3AF0D6C4-215B-4883-A8E2-4F00357367B6}.Debug|Any CPU.ActiveCfg = Debug|Any CPU
		{3AF0D6C4-215B-4883-A8E2-4F00357367B6}.Debug|Any CPU.Build.0 = Debug|Any CPU
		{3AF0D6C4-215B-4883-A8E2-4F00357367B6}.Release|Any CPU.ActiveCfg = Release|Any CPU
		{3AF0D6C4-215B-4883-A8E2-4F00357367B6}.Release|Any CPU.Build.0 = Release|Any CPU
		{8B7E3EFA-A012-4B5F-8879-5BFAFF1600F2}.Debug|Any CPU.ActiveCfg = Debug|Any CPU
		{8B7E3EFA-A012-4B5F-8879-5BFAFF1600F2}.Debug|Any CPU.Build.0 = Debug|Any CPU
		{8B7E3EFA-A012-4B5F-8879-5BFAFF1600F2}.Release|Any CPU.ActiveCfg = Release|Any CPU
		{8B7E3EFA-A012-4B5F-8879-5BFAFF1600F2}.Release|Any CPU.Build.0 = Release|Any CPU
		{BEDE960C-B220-4B0B-A175-42F248E05CD5}.Debug|Any CPU.ActiveCfg = Debug|Any CPU
		{BEDE960C-B220-4B0B-A175-42F248E05CD5}.Debug|Any CPU.Build.0 = Debug|Any CPU
		{BEDE960C-B220-4B0B-A175-42F248E05CD5}.Release|Any CPU.ActiveCfg = Release|Any CPU
		{BEDE960C-B220-4B0B-A175-42F248E05CD5}.Release|Any CPU.Build.0 = Release|Any CPU
		{0EC714D1-AA8A-4AB4-A486-FC24CF1ECCB6}.Debug|Any CPU.ActiveCfg = Debug|Any CPU
		{0EC714D1-AA8A-4AB4-A486-FC24CF1ECCB6}.Debug|Any CPU.Build.0 = Debug|Any CPU
		{0EC714D1-AA8A-4AB4-A486-FC24CF1ECCB6}.Release|Any CPU.ActiveCfg = Release|Any CPU
		{0EC714D1-AA8A-4AB4-A486-FC24CF1ECCB6}.Release|Any CPU.Build.0 = Release|Any CPU
		{02F70173-2DD5-48E3-8D32-2F85E4E23832}.Debug|Any CPU.ActiveCfg = Debug|Any CPU
		{02F70173-2DD5-48E3-8D32-2F85E4E23832}.Debug|Any CPU.Build.0 = Debug|Any CPU
		{02F70173-2DD5-48E3-8D32-2F85E4E23832}.Release|Any CPU.ActiveCfg = Release|Any CPU
		{02F70173-2DD5-48E3-8D32-2F85E4E23832}.Release|Any CPU.Build.0 = Release|Any CPU
		{777B06F1-9BFA-4D6F-B697-FB8021D2362F}.Debug|Any CPU.ActiveCfg = Debug|Any CPU
		{777B06F1-9BFA-4D6F-B697-FB8021D2362F}.Debug|Any CPU.Build.0 = Debug|Any CPU
		{777B06F1-9BFA-4D6F-B697-FB8021D2362F}.Release|Any CPU.ActiveCfg = Release|Any CPU
		{777B06F1-9BFA-4D6F-B697-FB8021D2362F}.Release|Any CPU.Build.0 = Release|Any CPU
		{F6CCBFFF-0E8F-4124-974B-4EB7EDC96C7F}.Debug|Any CPU.ActiveCfg = Debug|Any CPU
		{F6CCBFFF-0E8F-4124-974B-4EB7EDC96C7F}.Debug|Any CPU.Build.0 = Debug|Any CPU
		{F6CCBFFF-0E8F-4124-974B-4EB7EDC96C7F}.Release|Any CPU.ActiveCfg = Release|Any CPU
		{F6CCBFFF-0E8F-4124-974B-4EB7EDC96C7F}.Release|Any CPU.Build.0 = Release|Any CPU
		{66B70F74-622E-4B0D-90C4-9EC2A26C7D8D}.Debug|Any CPU.ActiveCfg = Debug|Any CPU
		{66B70F74-622E-4B0D-90C4-9EC2A26C7D8D}.Debug|Any CPU.Build.0 = Debug|Any CPU
		{66B70F74-622E-4B0D-90C4-9EC2A26C7D8D}.Release|Any CPU.ActiveCfg = Release|Any CPU
		{66B70F74-622E-4B0D-90C4-9EC2A26C7D8D}.Release|Any CPU.Build.0 = Release|Any CPU
		{BF850081-F54F-4C52-AFE0-2E810A6CB332}.Debug|Any CPU.ActiveCfg = Debug|Any CPU
		{BF850081-F54F-4C52-AFE0-2E810A6CB332}.Debug|Any CPU.Build.0 = Debug|Any CPU
		{BF850081-F54F-4C52-AFE0-2E810A6CB332}.Release|Any CPU.ActiveCfg = Release|Any CPU
		{BF850081-F54F-4C52-AFE0-2E810A6CB332}.Release|Any CPU.Build.0 = Release|Any CPU
		{D534AC3F-39D8-4F68-80D9-2E083E1E27D8}.Debug|Any CPU.ActiveCfg = Debug|Any CPU
		{D534AC3F-39D8-4F68-80D9-2E083E1E27D8}.Debug|Any CPU.Build.0 = Debug|Any CPU
		{D534AC3F-39D8-4F68-80D9-2E083E1E27D8}.Release|Any CPU.ActiveCfg = Release|Any CPU
		{D534AC3F-39D8-4F68-80D9-2E083E1E27D8}.Release|Any CPU.Build.0 = Release|Any CPU
		{6AD995A3-5F91-478E-9A36-8F823519D6DF}.Debug|Any CPU.ActiveCfg = Debug|Any CPU
		{6AD995A3-5F91-478E-9A36-8F823519D6DF}.Debug|Any CPU.Build.0 = Debug|Any CPU
		{6AD995A3-5F91-478E-9A36-8F823519D6DF}.Release|Any CPU.ActiveCfg = Release|Any CPU
		{6AD995A3-5F91-478E-9A36-8F823519D6DF}.Release|Any CPU.Build.0 = Release|Any CPU
		{303E4635-32BF-477C-93A2-FD465D484E52}.Debug|Any CPU.ActiveCfg = Debug|Any CPU
		{303E4635-32BF-477C-93A2-FD465D484E52}.Debug|Any CPU.Build.0 = Debug|Any CPU
		{303E4635-32BF-477C-93A2-FD465D484E52}.Release|Any CPU.ActiveCfg = Release|Any CPU
		{303E4635-32BF-477C-93A2-FD465D484E52}.Release|Any CPU.Build.0 = Release|Any CPU
		{7F5427E7-A40E-42F2-94B5-4401AA613B83}.Debug|Any CPU.ActiveCfg = Debug|Any CPU
		{7F5427E7-A40E-42F2-94B5-4401AA613B83}.Debug|Any CPU.Build.0 = Debug|Any CPU
		{7F5427E7-A40E-42F2-94B5-4401AA613B83}.Release|Any CPU.ActiveCfg = Release|Any CPU
		{7F5427E7-A40E-42F2-94B5-4401AA613B83}.Release|Any CPU.Build.0 = Release|Any CPU
		{5A19FD7B-BF80-42FC-927C-CFD3E6996981}.Debug|Any CPU.ActiveCfg = Debug|Any CPU
		{5A19FD7B-BF80-42FC-927C-CFD3E6996981}.Debug|Any CPU.Build.0 = Debug|Any CPU
		{5A19FD7B-BF80-42FC-927C-CFD3E6996981}.Release|Any CPU.ActiveCfg = Release|Any CPU
		{5A19FD7B-BF80-42FC-927C-CFD3E6996981}.Release|Any CPU.Build.0 = Release|Any CPU
		{705B8CD7-6336-4EC6-AE1F-08138A4BB769}.Debug|Any CPU.ActiveCfg = Debug|Any CPU
		{705B8CD7-6336-4EC6-AE1F-08138A4BB769}.Debug|Any CPU.Build.0 = Debug|Any CPU
		{705B8CD7-6336-4EC6-AE1F-08138A4BB769}.Release|Any CPU.ActiveCfg = Release|Any CPU
		{705B8CD7-6336-4EC6-AE1F-08138A4BB769}.Release|Any CPU.Build.0 = Release|Any CPU
		{2FEA8AF4-8531-43FD-8E1A-BD9A02F5AFF6}.Debug|Any CPU.ActiveCfg = Debug|Any CPU
		{2FEA8AF4-8531-43FD-8E1A-BD9A02F5AFF6}.Debug|Any CPU.Build.0 = Debug|Any CPU
		{2FEA8AF4-8531-43FD-8E1A-BD9A02F5AFF6}.Release|Any CPU.ActiveCfg = Release|Any CPU
		{2FEA8AF4-8531-43FD-8E1A-BD9A02F5AFF6}.Release|Any CPU.Build.0 = Release|Any CPU
		{9ED45DC9-D979-439C-8BBC-9BC8E6B1AB85}.Debug|Any CPU.ActiveCfg = Debug|Any CPU
		{9ED45DC9-D979-439C-8BBC-9BC8E6B1AB85}.Debug|Any CPU.Build.0 = Debug|Any CPU
		{9ED45DC9-D979-439C-8BBC-9BC8E6B1AB85}.Release|Any CPU.ActiveCfg = Release|Any CPU
		{9ED45DC9-D979-439C-8BBC-9BC8E6B1AB85}.Release|Any CPU.Build.0 = Release|Any CPU
		{9BE851D4-062F-4E06-83AB-72DEE390DA7F}.Debug|Any CPU.ActiveCfg = Debug|Any CPU
		{9BE851D4-062F-4E06-83AB-72DEE390DA7F}.Debug|Any CPU.Build.0 = Debug|Any CPU
		{9BE851D4-062F-4E06-83AB-72DEE390DA7F}.Release|Any CPU.ActiveCfg = Release|Any CPU
		{9BE851D4-062F-4E06-83AB-72DEE390DA7F}.Release|Any CPU.Build.0 = Release|Any CPU
		{B707D562-A043-4C69-9519-A0E4910A4CDA}.Debug|Any CPU.ActiveCfg = Debug|Any CPU
		{B707D562-A043-4C69-9519-A0E4910A4CDA}.Debug|Any CPU.Build.0 = Debug|Any CPU
		{B707D562-A043-4C69-9519-A0E4910A4CDA}.Release|Any CPU.ActiveCfg = Release|Any CPU
		{B707D562-A043-4C69-9519-A0E4910A4CDA}.Release|Any CPU.Build.0 = Release|Any CPU
	EndGlobalSection
	GlobalSection(SolutionProperties) = preSolution
		HideSolutionNode = FALSE
	EndGlobalSection
	GlobalSection(ExtensibilityGlobals) = postSolution
		SolutionGuid = {CAF62407-2244-48CF-BE1F-D933A37A558B}
	EndGlobalSection
EndGlobal
